<?xml version="1.0" encoding="utf-8"?>
<Project ToolsVersion="4.0" xmlns="http://schemas.microsoft.com/developer/msbuild/2003">
  <ItemGroup>
    <Filter Include="Source Files">
      <UniqueIdentifier>{4FC737F1-C7A5-4376-A066-2A32D752A2FF}</UniqueIdentifier>
      <Extensions>cpp;c;cc;cxx;def;odl;idl;hpj;bat;asm;asmx</Extensions>
    </Filter>
    <Filter Include="Header Files">
      <UniqueIdentifier>{93995380-89BD-4b04-88EB-625FBE52EBFB}</UniqueIdentifier>
      <Extensions>h;hh;hpp;hxx;hm;inl;inc;ipp;xsd</Extensions>
    </Filter>
    <Filter Include="Resource Files">
      <UniqueIdentifier>{67DA6AB6-F800-4c08-8B7A-83BB121AAD01}</UniqueIdentifier>
      <Extensions>rc;ico;cur;bmp;dlg;rc2;rct;bin;rgs;gif;jpg;jpeg;jpe;resx;tiff;tif;png;wav;mfcribbon-ms</Extensions>
    </Filter>
    <Filter Include="Framework">
      <UniqueIdentifier>{8965db3c-5983-4748-8e44-e4d6990aaefc}</UniqueIdentifier>
    </Filter>
    <Filter Include="ObjectsManagement">
      <UniqueIdentifier>{1891c92d-360d-40be-97e4-2164b4a80918}</UniqueIdentifier>
    </Filter>
    <Filter Include="ObjectsManagement\Player">
      <UniqueIdentifier>{0a805628-07ae-4fe9-bcb3-f10740085cbd}</UniqueIdentifier>
    </Filter>
    <Filter Include="ObjectsManagement\Npcs">
      <UniqueIdentifier>{a75e11b1-51ac-4bbb-aa31-918cc911d2dd}</UniqueIdentifier>
    </Filter>
    <Filter Include="ObjectsManagement\StaticObjects">
      <UniqueIdentifier>{6e6c3d27-0bd8-4900-b5d7-0413a2acac00}</UniqueIdentifier>
    </Filter>
    <Filter Include="Utilities">
      <UniqueIdentifier>{675db370-fc41-444d-aa13-b48e2948f3c5}</UniqueIdentifier>
    </Filter>
    <Filter Include="Utilities\MapReader">
      <UniqueIdentifier>{b6af4cd6-08e0-4f83-8f04-a7dd63857a36}</UniqueIdentifier>
    </Filter>
    <Filter Include="Utilities\GameWorldCreator">
      <UniqueIdentifier>{3f20b655-091b-4503-9420-eff04f1e2294}</UniqueIdentifier>
    </Filter>
    <Filter Include="Framework\Controller">
      <UniqueIdentifier>{8f257295-0b7b-4b93-b0e3-de4262a6e7cc}</UniqueIdentifier>
    </Filter>
    <Filter Include="Library">
      <UniqueIdentifier>{a4eabc85-dc2a-4e9f-bbbe-fcb8d9f27f79}</UniqueIdentifier>
    </Filter>
    <Filter Include="Library\RapidXML">
      <UniqueIdentifier>{848aedba-5597-4c71-a442-8a0ed65308db}</UniqueIdentifier>
    </Filter>
    <Filter Include="Documentation">
      <UniqueIdentifier>{c266753f-fa9e-4ebf-a4d0-b64d8d362243}</UniqueIdentifier>
    </Filter>
    <Filter Include="ObjectsManagement\Items">
      <UniqueIdentifier>{12762fe4-fb4d-4fa5-bedd-bbdafa689ca8}</UniqueIdentifier>
    </Filter>
    <Filter Include="Scenes">
      <UniqueIdentifier>{bb7d3660-35bb-461c-bea8-b670734cf542}</UniqueIdentifier>
    </Filter>
    <Filter Include="Effects">
      <UniqueIdentifier>{7257fe3b-49e5-4ee9-aadd-a1c967f6f38a}</UniqueIdentifier>
    </Filter>
  </ItemGroup>
  <ItemGroup>
    <ClInclude Include="Game.h">
      <Filter>Header Files</Filter>
    </ClInclude>
    <ClInclude Include="Sprites.h">
      <Filter>Framework</Filter>
    </ClInclude>
    <ClInclude Include="Textures.h">
      <Filter>Framework</Filter>
    </ClInclude>
    <ClInclude Include="GameObject.h">
      <Filter>ObjectsManagement</Filter>
    </ClInclude>
    <ClInclude Include="Brick.h">
      <Filter>ObjectsManagement\StaticObjects</Filter>
    </ClInclude>
    <ClInclude Include="debug.h">
      <Filter>Utilities</Filter>
    </ClInclude>
    <ClInclude Include="InputController.h">
      <Filter>Framework\Controller</Filter>
    </ClInclude>
    <ClInclude Include="ResourceManagement.h">
      <Filter>Framework</Filter>
    </ClInclude>
    <ClInclude Include="Library\RapidXML\rapidxml.hpp">
      <Filter>Library\RapidXML</Filter>
    </ClInclude>
    <ClInclude Include="Library\RapidXML\rapidxml_iterators.hpp">
      <Filter>Library\RapidXML</Filter>
    </ClInclude>
    <ClInclude Include="Library\RapidXML\rapidxml_print.hpp">
      <Filter>Library\RapidXML</Filter>
    </ClInclude>
    <ClInclude Include="Library\RapidXML\rapidxml_utils.hpp">
      <Filter>Library\RapidXML</Filter>
    </ClInclude>
    <ClInclude Include="Simon.h">
      <Filter>ObjectsManagement\Player</Filter>
    </ClInclude>
    <ClInclude Include="Ground.h">
      <Filter>ObjectsManagement\StaticObjects</Filter>
    </ClInclude>
    <ClInclude Include="Torch.h">
      <Filter>ObjectsManagement\StaticObjects</Filter>
    </ClInclude>
    <ClInclude Include="CTileMap.h">
      <Filter>Utilities\MapReader</Filter>
    </ClInclude>
    <ClInclude Include="TileObject.h">
      <Filter>Utilities\MapReader</Filter>
    </ClInclude>
    <ClInclude Include="TileSet.h">
      <Filter>Utilities\MapReader</Filter>
    </ClInclude>
    <ClInclude Include="EntryObject.h">
      <Filter>ObjectsManagement\StaticObjects</Filter>
    </ClInclude>
    <ClInclude Include="BoundMap.h">
      <Filter>ObjectsManagement\StaticObjects</Filter>
    </ClInclude>
    <ClInclude Include="Whip.h">
      <Filter>ObjectsManagement\Player</Filter>
    </ClInclude>
    <ClInclude Include="Item.h">
      <Filter>ObjectsManagement\Items</Filter>
    </ClInclude>
    <ClInclude Include="Heart.h">
      <Filter>ObjectsManagement\Items</Filter>
    </ClInclude>
    <ClInclude Include="SceneManagement.h">
      <Filter>Scenes</Filter>
    </ClInclude>
    <ClInclude Include="Enemy.h">
      <Filter>ObjectsManagement\Npcs</Filter>
    </ClInclude>
    <ClInclude Include="Ghoul.h">
      <Filter>ObjectsManagement\Npcs</Filter>
    </ClInclude>
    <ClInclude Include="Zombie.h">
      <Filter>ObjectsManagement\Npcs</Filter>
    </ClInclude>
    <ClInclude Include="BlockingQueue.h">
      <Filter>Utilities</Filter>
    </ClInclude>
    <ClInclude Include="MorningStar.h">
      <Filter>ObjectsManagement\Items</Filter>
    </ClInclude>
    <ClInclude Include="Effects.h">
      <Filter>Effects</Filter>
    </ClInclude>
    <ClInclude Include="Flame.h">
      <Filter>Effects</Filter>
    </ClInclude>
    <ClInclude Include="NextScene.h">
      <Filter>ObjectsManagement\StaticObjects</Filter>
    </ClInclude>
    <ClInclude Include="Entry.h">
      <Filter>ObjectsManagement\StaticObjects</Filter>
    </ClInclude>
    <ClInclude Include="BBoxObjects.h">
      <Filter>ObjectsManagement\StaticObjects</Filter>
    </ClInclude>
  </ItemGroup>
  <ItemGroup>
    <ClCompile Include="Game.cpp">
      <Filter>Source Files</Filter>
    </ClCompile>
    <ClCompile Include="main.cpp">
      <Filter>Source Files</Filter>
    </ClCompile>
    <ClCompile Include="GameObject.cpp">
      <Filter>ObjectsManagement</Filter>
    </ClCompile>
    <ClCompile Include="Brick.cpp">
      <Filter>ObjectsManagement\StaticObjects</Filter>
    </ClCompile>
    <ClCompile Include="Sprites.cpp">
      <Filter>Framework</Filter>
    </ClCompile>
    <ClCompile Include="Textures.cpp">
      <Filter>Framework</Filter>
    </ClCompile>
    <ClCompile Include="InputController.cpp">
      <Filter>Framework\Controller</Filter>
    </ClCompile>
    <ClCompile Include="ResourceManagement.cpp">
      <Filter>Framework</Filter>
    </ClCompile>
    <ClCompile Include="debug.cpp">
      <Filter>Utilities</Filter>
    </ClCompile>
    <ClCompile Include="Simon.cpp">
      <Filter>ObjectsManagement\Player</Filter>
    </ClCompile>
    <ClCompile Include="Ground.cpp">
      <Filter>ObjectsManagement\StaticObjects</Filter>
    </ClCompile>
    <ClCompile Include="define.h">
      <Filter>Utilities</Filter>
    </ClCompile>
    <ClCompile Include="Torch.cpp">
      <Filter>ObjectsManagement\StaticObjects</Filter>
    </ClCompile>
    <ClCompile Include="CTileMap.cpp">
      <Filter>Utilities\MapReader</Filter>
    </ClCompile>
    <ClCompile Include="TileObject.cpp">
      <Filter>Utilities\MapReader</Filter>
    </ClCompile>
    <ClCompile Include="TileSet.cpp">
      <Filter>Utilities\MapReader</Filter>
    </ClCompile>
    <ClCompile Include="EntryObject.cpp">
      <Filter>ObjectsManagement\StaticObjects</Filter>
    </ClCompile>
    <ClCompile Include="BoundMap.cpp">
      <Filter>ObjectsManagement\StaticObjects</Filter>
    </ClCompile>
    <ClCompile Include="Whip.cpp">
      <Filter>ObjectsManagement\Player</Filter>
    </ClCompile>
    <ClCompile Include="Item.cpp">
      <Filter>ObjectsManagement\Items</Filter>
    </ClCompile>
    <ClCompile Include="Heart.cpp">
      <Filter>ObjectsManagement\Items</Filter>
    </ClCompile>
    <ClCompile Include="SceneManagement.cpp">
      <Filter>Scenes</Filter>
    </ClCompile>
    <ClCompile Include="Enemy.cpp">
      <Filter>ObjectsManagement\Npcs</Filter>
    </ClCompile>
    <ClCompile Include="Ghoul.cpp">
      <Filter>ObjectsManagement\Npcs</Filter>
    </ClCompile>
    <ClCompile Include="Zombie.cpp">
      <Filter>ObjectsManagement\Npcs</Filter>
    </ClCompile>
    <ClCompile Include="MorningStar.cpp">
      <Filter>ObjectsManagement\Items</Filter>
    </ClCompile>
    <ClCompile Include="Effects.cpp">
      <Filter>Effects</Filter>
    </ClCompile>
    <ClCompile Include="Flame.cpp">
      <Filter>Effects</Filter>
    </ClCompile>
    <ClCompile Include="NextScene.cpp">
      <Filter>ObjectsManagement\StaticObjects</Filter>
    </ClCompile>
    <ClCompile Include="Entry.cpp">
      <Filter>ObjectsManagement\StaticObjects</Filter>
    </ClCompile>
    <ClCompile Include="BBoxObjects.cpp">
      <Filter>ObjectsManagement\StaticObjects</Filter>
    </ClCompile>
  </ItemGroup>
  <ItemGroup>
    <Text Include="Text.txt">
      <Filter>Documentation</Filter>
    </Text>
  </ItemGroup>
</Project>