<?xml version="1.0" encoding="utf-8"?>
<Project ToolsVersion="4.0" xmlns="http://schemas.microsoft.com/developer/msbuild/2003">
  <ItemGroup>
    <Filter Include="Source Files">
      <UniqueIdentifier>{4FC737F1-C7A5-4376-A066-2A32D752A2FF}</UniqueIdentifier>
      <Extensions>cpp;c;cc;cxx;def;odl;idl;hpj;bat;asm;asmx</Extensions>
    </Filter>
    <Filter Include="Header Files">
      <UniqueIdentifier>{93995380-89BD-4b04-88EB-625FBE52EBFB}</UniqueIdentifier>
      <Extensions>h;hh;hpp;hxx;hm;inl;inc;ipp;xsd</Extensions>
    </Filter>
    <Filter Include="Resource Files">
      <UniqueIdentifier>{67DA6AB6-F800-4c08-8B7A-83BB121AAD01}</UniqueIdentifier>
      <Extensions>rc;ico;cur;bmp;dlg;rc2;rct;bin;rgs;gif;jpg;jpeg;jpe;resx;tiff;tif;png;wav;mfcribbon-ms</Extensions>
    </Filter>
    <Filter Include="Framework">
      <UniqueIdentifier>{8965db3c-5983-4748-8e44-e4d6990aaefc}</UniqueIdentifier>
    </Filter>
    <Filter Include="Utilities">
      <UniqueIdentifier>{675db370-fc41-444d-aa13-b48e2948f3c5}</UniqueIdentifier>
    </Filter>
    <Filter Include="Utilities\MapReader">
      <UniqueIdentifier>{b6af4cd6-08e0-4f83-8f04-a7dd63857a36}</UniqueIdentifier>
    </Filter>
    <Filter Include="Utilities\GameWorldCreator">
      <UniqueIdentifier>{3f20b655-091b-4503-9420-eff04f1e2294}</UniqueIdentifier>
    </Filter>
    <Filter Include="Library">
      <UniqueIdentifier>{a4eabc85-dc2a-4e9f-bbbe-fcb8d9f27f79}</UniqueIdentifier>
    </Filter>
    <Filter Include="Library\RapidXML">
      <UniqueIdentifier>{848aedba-5597-4c71-a442-8a0ed65308db}</UniqueIdentifier>
    </Filter>
    <Filter Include="Documentation">
      <UniqueIdentifier>{c266753f-fa9e-4ebf-a4d0-b64d8d362243}</UniqueIdentifier>
    </Filter>
    <Filter Include="Scenes">
      <UniqueIdentifier>{bb7d3660-35bb-461c-bea8-b670734cf542}</UniqueIdentifier>
    </Filter>
    <Filter Include="Effects">
      <UniqueIdentifier>{7257fe3b-49e5-4ee9-aadd-a1c967f6f38a}</UniqueIdentifier>
    </Filter>
    <Filter Include="Utilities\Grid">
      <UniqueIdentifier>{b832f5bf-88a0-4ee6-888e-7cc4b17d9897}</UniqueIdentifier>
    </Filter>
    <Filter Include="Hub">
      <UniqueIdentifier>{bfc83f90-cf3d-4e6a-a1bc-ffbe0f378a9c}</UniqueIdentifier>
    </Filter>
    <Filter Include="Framework\Sound">
      <UniqueIdentifier>{2455f1e6-b923-4149-b25e-c5ecb4e7a039}</UniqueIdentifier>
    </Filter>
    <Filter Include="ObjectsManager">
      <UniqueIdentifier>{1891c92d-360d-40be-97e4-2164b4a80918}</UniqueIdentifier>
    </Filter>
    <Filter Include="ObjectsManager\StaticObjects">
      <UniqueIdentifier>{6e6c3d27-0bd8-4900-b5d7-0413a2acac00}</UniqueIdentifier>
    </Filter>
    <Filter Include="ObjectsManager\StaticObjects\Hidden">
      <UniqueIdentifier>{b570a370-9a47-4a1a-9f11-b12cc236d0c7}</UniqueIdentifier>
    </Filter>
    <Filter Include="ObjectsManager\Items">
      <UniqueIdentifier>{12762fe4-fb4d-4fa5-bedd-bbdafa689ca8}</UniqueIdentifier>
    </Filter>
    <Filter Include="ObjectsManager\Enemy">
      <UniqueIdentifier>{a75e11b1-51ac-4bbb-aa31-918cc911d2dd}</UniqueIdentifier>
    </Filter>
    <Filter Include="ObjectsManager\Enemy\Boss">
      <UniqueIdentifier>{4475eb4f-3267-4d52-afd1-de7feb278667}</UniqueIdentifier>
    </Filter>
    <Filter Include="ObjectsManager\PlayerAndWeapon">
      <UniqueIdentifier>{0a805628-07ae-4fe9-bcb3-f10740085cbd}</UniqueIdentifier>
    </Filter>
    <Filter Include="ObjectsManager\PlayerAndWeapon\Weapons">
      <UniqueIdentifier>{65fedf86-70f3-4a6b-a6bd-e7e285f15215}</UniqueIdentifier>
    </Filter>
    <Filter Include="ObjectsManager\PlayerAndWeapon\SubWeapons">
      <UniqueIdentifier>{dc197d96-f2f7-481e-ae7d-9e8b39b8d1a6}</UniqueIdentifier>
    </Filter>
  </ItemGroup>
  <ItemGroup>
    <ClInclude Include="Game.h">
      <Filter>Header Files</Filter>
    </ClInclude>
    <ClInclude Include="Sprites.h">
      <Filter>Framework</Filter>
    </ClInclude>
    <ClInclude Include="Textures.h">
      <Filter>Framework</Filter>
    </ClInclude>
    <ClInclude Include="GameObject.h">
      <Filter>ObjectsManager</Filter>
    </ClInclude>
    <ClInclude Include="Brick.h">
      <Filter>ObjectsManager\StaticObjects</Filter>
    </ClInclude>
    <ClInclude Include="debug.h">
      <Filter>Utilities</Filter>
    </ClInclude>
    <ClInclude Include="Library\RapidXML\rapidxml.hpp">
      <Filter>Library\RapidXML</Filter>
    </ClInclude>
    <ClInclude Include="Library\RapidXML\rapidxml_iterators.hpp">
      <Filter>Library\RapidXML</Filter>
    </ClInclude>
    <ClInclude Include="Library\RapidXML\rapidxml_print.hpp">
      <Filter>Library\RapidXML</Filter>
    </ClInclude>
    <ClInclude Include="Library\RapidXML\rapidxml_utils.hpp">
      <Filter>Library\RapidXML</Filter>
    </ClInclude>
    <ClInclude Include="Simon.h">
      <Filter>ObjectsManager\PlayerAndWeapon</Filter>
    </ClInclude>
    <ClInclude Include="Torch.h">
      <Filter>ObjectsManager\StaticObjects</Filter>
    </ClInclude>
    <ClInclude Include="CTileMap.h">
      <Filter>Utilities\MapReader</Filter>
    </ClInclude>
    <ClInclude Include="TileObject.h">
      <Filter>Utilities\MapReader</Filter>
    </ClInclude>
    <ClInclude Include="TileSet.h">
      <Filter>Utilities\MapReader</Filter>
    </ClInclude>
    <ClInclude Include="Item.h">
      <Filter>ObjectsManager\Items</Filter>
    </ClInclude>
    <ClInclude Include="Heart.h">
      <Filter>ObjectsManager\Items</Filter>
    </ClInclude>
    <ClInclude Include="Enemy.h">
      <Filter>ObjectsManager\Enemy</Filter>
    </ClInclude>
    <ClInclude Include="Zombie.h">
      <Filter>ObjectsManager\Enemy</Filter>
    </ClInclude>
    <ClInclude Include="BlockingQueue.h">
      <Filter>Utilities</Filter>
    </ClInclude>
    <ClInclude Include="MorningStar.h">
      <Filter>ObjectsManager\Items</Filter>
    </ClInclude>
    <ClInclude Include="Effects.h">
      <Filter>Effects</Filter>
    </ClInclude>
    <ClInclude Include="Flame.h">
      <Filter>Effects</Filter>
    </ClInclude>
    <ClInclude Include="MoneyBag.h">
      <Filter>ObjectsManager\Items</Filter>
    </ClInclude>
    <ClInclude Include="Whip.h">
      <Filter>ObjectsManager\PlayerAndWeapon\Weapons</Filter>
    </ClInclude>
    <ClInclude Include="Panther.h">
      <Filter>ObjectsManager\Enemy</Filter>
    </ClInclude>
    <ClInclude Include="ObjectProperty.h">
      <Filter>Utilities\MapReader</Filter>
    </ClInclude>
    <ClInclude Include="Candle.h">
      <Filter>ObjectsManager\StaticObjects</Filter>
    </ClInclude>
    <ClInclude Include="BBoxObjects.h">
      <Filter>ObjectsManager\StaticObjects\Hidden</Filter>
    </ClInclude>
    <ClInclude Include="BoundMap.h">
      <Filter>ObjectsManager\StaticObjects\Hidden</Filter>
    </ClInclude>
    <ClInclude Include="Entry.h">
      <Filter>ObjectsManager\StaticObjects\Hidden</Filter>
    </ClInclude>
    <ClInclude Include="MoneyBagTrigger.h">
      <Filter>ObjectsManager\StaticObjects\Hidden</Filter>
    </ClInclude>
    <ClInclude Include="NextScene.h">
      <Filter>ObjectsManager\StaticObjects\Hidden</Filter>
    </ClInclude>
    <ClInclude Include="Ground.h">
      <Filter>ObjectsManager\StaticObjects\Hidden</Filter>
    </ClInclude>
    <ClInclude Include="SpawnZone.h">
      <Filter>ObjectsManager\StaticObjects\Hidden</Filter>
    </ClInclude>
    <ClInclude Include="StairTrigger.h">
      <Filter>ObjectsManager\StaticObjects\Hidden</Filter>
    </ClInclude>
    <ClInclude Include="LargeHeart.h">
      <Filter>ObjectsManager\Items</Filter>
    </ClInclude>
    <ClInclude Include="DaggerItem.h">
      <Filter>ObjectsManager\Items</Filter>
    </ClInclude>
    <ClInclude Include="SubWeapon.h">
      <Filter>ObjectsManager\PlayerAndWeapon\SubWeapons</Filter>
    </ClInclude>
    <ClInclude Include="Dagger.h">
      <Filter>ObjectsManager\PlayerAndWeapon\SubWeapons</Filter>
    </ClInclude>
    <ClInclude Include="BattleCross.h">
      <Filter>ObjectsManager\PlayerAndWeapon\SubWeapons</Filter>
    </ClInclude>
    <ClInclude Include="DebrisBrick.h">
      <Filter>Effects</Filter>
    </ClInclude>
    <ClInclude Include="HandleSpawnEffects.h">
      <Filter>Effects</Filter>
    </ClInclude>
    <ClInclude Include="Bubble.h">
      <Filter>Effects</Filter>
    </ClInclude>
    <ClInclude Include="Fishman.h">
      <Filter>ObjectsManager\Enemy</Filter>
    </ClInclude>
    <ClInclude Include="Water.h">
      <Filter>ObjectsManager\StaticObjects\Hidden</Filter>
    </ClInclude>
    <ClInclude Include="HandleSpawnEnemy.h">
      <Filter>ObjectsManager\Enemy</Filter>
    </ClInclude>
    <ClInclude Include="HandleSpawnItem.h">
      <Filter>ObjectsManager\Items</Filter>
    </ClInclude>
    <ClInclude Include="Fireball.h">
      <Filter>ObjectsManager\Enemy</Filter>
    </ClInclude>
    <ClInclude Include="ScoreText.h">
      <Filter>Effects</Filter>
    </ClInclude>
    <ClInclude Include="Door.h">
      <Filter>ObjectsManager\StaticObjects</Filter>
    </ClInclude>
    <ClInclude Include="Axe.h">
      <Filter>ObjectsManager\PlayerAndWeapon\SubWeapons</Filter>
    </ClInclude>
    <ClInclude Include="AxeItem.h">
      <Filter>ObjectsManager\Items</Filter>
    </ClInclude>
    <ClInclude Include="Grid.h">
      <Filter>Utilities\Grid</Filter>
    </ClInclude>
    <ClInclude Include="IStopWatch.h">
      <Filter>ObjectsManager\Items</Filter>
    </ClInclude>
    <ClInclude Include="PorkChop.h">
      <Filter>ObjectsManager\Items</Filter>
    </ClInclude>
    <ClInclude Include="StopWatch.h">
      <Filter>ObjectsManager\PlayerAndWeapon\SubWeapons</Filter>
    </ClInclude>
    <ClInclude Include="Camera.h">
      <Filter>Framework</Filter>
    </ClInclude>
    <ClInclude Include="HandleSpawnSubWeapon.h">
      <Filter>ObjectsManager\PlayerAndWeapon\SubWeapons</Filter>
    </ClInclude>
    <ClInclude Include="Hud.h">
      <Filter>Hub</Filter>
    </ClInclude>
    <ClInclude Include="InvisibilityPotion.h">
      <Filter>ObjectsManager\Items</Filter>
    </ClInclude>
    <ClInclude Include="Cross.h">
      <Filter>ObjectsManager\Items</Filter>
    </ClInclude>
    <ClInclude Include="Bat.h">
      <Filter>ObjectsManager\Enemy</Filter>
    </ClInclude>
    <ClInclude Include="BossZone.h">
      <Filter>ObjectsManager\StaticObjects\Hidden</Filter>
    </ClInclude>
    <ClInclude Include="IHolyWater.h">
      <Filter>ObjectsManager\Items</Filter>
    </ClInclude>
    <ClInclude Include="HolyWater.h">
      <Filter>ObjectsManager\PlayerAndWeapon\SubWeapons</Filter>
    </ClInclude>
    <ClInclude Include="PhantomBat.h">
      <Filter>ObjectsManager\Enemy\Boss</Filter>
    </ClInclude>
    <ClInclude Include="MultiplyShotItem.h">
      <Filter>ObjectsManager\Items</Filter>
    </ClInclude>
    <ClInclude Include="Spark.h">
      <Filter>Effects</Filter>
    </ClInclude>
    <ClInclude Include="BossDead.h">
      <Filter>Effects</Filter>
    </ClInclude>
    <ClInclude Include="MapManager.h">
      <Filter>Utilities\MapReader</Filter>
    </ClInclude>
    <ClInclude Include="TypeConverter.h">
      <Filter>Utilities</Filter>
    </ClInclude>
    <ClInclude Include="Header.h">
      <Filter>Scenes</Filter>
    </ClInclude>
    <ClInclude Include="Scene.h">
      <Filter>Scenes</Filter>
    </ClInclude>
    <ClInclude Include="PlayScene.h">
      <Filter>Scenes</Filter>
    </ClInclude>
    <ClInclude Include="StartScene.h">
      <Filter>Scenes</Filter>
    </ClInclude>
    <ClInclude Include="SceneManager.h">
      <Filter>Scenes</Filter>
    </ClInclude>
    <ClInclude Include="ResourceManager.h">
      <Filter>Framework</Filter>
    </ClInclude>
    <ClInclude Include="DSutil.h">
      <Filter>Framework\Sound</Filter>
    </ClInclude>
    <ClInclude Include="dxutil.h">
      <Filter>Framework\Sound</Filter>
    </ClInclude>
    <ClInclude Include="Sound.h">
      <Filter>Framework\Sound</Filter>
    </ClInclude>
    <ClInclude Include="Crystal.h">
      <Filter>ObjectsManager\Items</Filter>
    </ClInclude>
    <ClInclude Include="CScene.h">
      <Filter>Scenes</Filter>
    </ClInclude>
    <ClInclude Include="SceneStateMachine.h">
      <Filter>Scenes</Filter>
    </ClInclude>
  </ItemGroup>
  <ItemGroup>
    <ClCompile Include="Game.cpp">
      <Filter>Source Files</Filter>
    </ClCompile>
    <ClCompile Include="main.cpp">
      <Filter>Source Files</Filter>
    </ClCompile>
    <ClCompile Include="GameObject.cpp">
      <Filter>ObjectsManager</Filter>
    </ClCompile>
    <ClCompile Include="Brick.cpp">
      <Filter>ObjectsManager\StaticObjects</Filter>
    </ClCompile>
    <ClCompile Include="Sprites.cpp">
      <Filter>Framework</Filter>
    </ClCompile>
    <ClCompile Include="Textures.cpp">
      <Filter>Framework</Filter>
    </ClCompile>
    <ClCompile Include="debug.cpp">
      <Filter>Utilities</Filter>
    </ClCompile>
    <ClCompile Include="Simon.cpp">
      <Filter>ObjectsManager\PlayerAndWeapon</Filter>
    </ClCompile>
    <ClCompile Include="define.h">
      <Filter>Utilities</Filter>
    </ClCompile>
    <ClCompile Include="Torch.cpp">
      <Filter>ObjectsManager\StaticObjects</Filter>
    </ClCompile>
    <ClCompile Include="CTileMap.cpp">
      <Filter>Utilities\MapReader</Filter>
    </ClCompile>
    <ClCompile Include="TileObject.cpp">
      <Filter>Utilities\MapReader</Filter>
    </ClCompile>
    <ClCompile Include="TileSet.cpp">
      <Filter>Utilities\MapReader</Filter>
    </ClCompile>
    <ClCompile Include="Item.cpp">
      <Filter>ObjectsManager\Items</Filter>
    </ClCompile>
    <ClCompile Include="Heart.cpp">
      <Filter>ObjectsManager\Items</Filter>
    </ClCompile>
    <ClCompile Include="Enemy.cpp">
      <Filter>ObjectsManager\Enemy</Filter>
    </ClCompile>
    <ClCompile Include="Zombie.cpp">
      <Filter>ObjectsManager\Enemy</Filter>
    </ClCompile>
    <ClCompile Include="MorningStar.cpp">
      <Filter>ObjectsManager\Items</Filter>
    </ClCompile>
    <ClCompile Include="Effects.cpp">
      <Filter>Effects</Filter>
    </ClCompile>
    <ClCompile Include="Flame.cpp">
      <Filter>Effects</Filter>
    </ClCompile>
    <ClCompile Include="MoneyBag.cpp">
      <Filter>ObjectsManager\Items</Filter>
    </ClCompile>
    <ClCompile Include="Panther.cpp">
      <Filter>ObjectsManager\Enemy</Filter>
    </ClCompile>
    <ClCompile Include="Whip.cpp">
      <Filter>ObjectsManager\PlayerAndWeapon\Weapons</Filter>
    </ClCompile>
    <ClCompile Include="ObjectProperty.cpp">
      <Filter>Utilities\MapReader</Filter>
    </ClCompile>
    <ClCompile Include="Candle.cpp">
      <Filter>ObjectsManager\StaticObjects</Filter>
    </ClCompile>
    <ClCompile Include="BBoxObjects.cpp">
      <Filter>ObjectsManager\StaticObjects\Hidden</Filter>
    </ClCompile>
    <ClCompile Include="BoundMap.cpp">
      <Filter>ObjectsManager\StaticObjects\Hidden</Filter>
    </ClCompile>
    <ClCompile Include="Entry.cpp">
      <Filter>ObjectsManager\StaticObjects\Hidden</Filter>
    </ClCompile>
    <ClCompile Include="MoneyBagTrigger.cpp">
      <Filter>ObjectsManager\StaticObjects\Hidden</Filter>
    </ClCompile>
    <ClCompile Include="NextScene.cpp">
      <Filter>ObjectsManager\StaticObjects\Hidden</Filter>
    </ClCompile>
    <ClCompile Include="Ground.cpp">
      <Filter>ObjectsManager\StaticObjects\Hidden</Filter>
    </ClCompile>
    <ClCompile Include="StairTrigger.cpp">
      <Filter>ObjectsManager\StaticObjects\Hidden</Filter>
    </ClCompile>
    <ClCompile Include="SpawnZone.cpp">
      <Filter>ObjectsManager\StaticObjects\Hidden</Filter>
    </ClCompile>
    <ClCompile Include="LargeHeart.cpp">
      <Filter>ObjectsManager\Items</Filter>
    </ClCompile>
    <ClCompile Include="DaggerItem.cpp">
      <Filter>ObjectsManager\Items</Filter>
    </ClCompile>
    <ClCompile Include="SubWeapon.cpp">
      <Filter>ObjectsManager\PlayerAndWeapon\SubWeapons</Filter>
    </ClCompile>
    <ClCompile Include="Dagger.cpp">
      <Filter>ObjectsManager\PlayerAndWeapon\SubWeapons</Filter>
    </ClCompile>
    <ClCompile Include="BattleCross.cpp">
      <Filter>ObjectsManager\PlayerAndWeapon\SubWeapons</Filter>
    </ClCompile>
    <ClCompile Include="DebrisBrick.cpp">
      <Filter>Effects</Filter>
    </ClCompile>
    <ClCompile Include="HandleSpawnEffects.cpp">
      <Filter>Effects</Filter>
    </ClCompile>
    <ClCompile Include="Bubble.cpp">
      <Filter>Effects</Filter>
    </ClCompile>
    <ClCompile Include="Fishman.cpp">
      <Filter>ObjectsManager\Enemy</Filter>
    </ClCompile>
    <ClCompile Include="Water.cpp">
      <Filter>ObjectsManager\StaticObjects\Hidden</Filter>
    </ClCompile>
    <ClCompile Include="HandleSpawnEnemy.cpp">
      <Filter>ObjectsManager\Enemy</Filter>
    </ClCompile>
    <ClCompile Include="HandleSpawnItem.cpp">
      <Filter>ObjectsManager\Items</Filter>
    </ClCompile>
    <ClCompile Include="Fireball.cpp">
      <Filter>ObjectsManager\Enemy</Filter>
    </ClCompile>
    <ClCompile Include="ScoreText.cpp">
      <Filter>Effects</Filter>
    </ClCompile>
    <ClCompile Include="Door.cpp">
      <Filter>ObjectsManager\StaticObjects</Filter>
    </ClCompile>
    <ClCompile Include="Axe.cpp">
      <Filter>ObjectsManager\PlayerAndWeapon\SubWeapons</Filter>
    </ClCompile>
    <ClCompile Include="AxeItem.cpp">
      <Filter>ObjectsManager\Items</Filter>
    </ClCompile>
    <ClCompile Include="Grid.cpp">
      <Filter>Utilities\Grid</Filter>
    </ClCompile>
    <ClCompile Include="IStopWatch.cpp">
      <Filter>ObjectsManager\Items</Filter>
    </ClCompile>
    <ClCompile Include="PorkChop.cpp">
      <Filter>ObjectsManager\Items</Filter>
    </ClCompile>
    <ClCompile Include="StopWatch.cpp">
      <Filter>ObjectsManager\PlayerAndWeapon\SubWeapons</Filter>
    </ClCompile>
    <ClCompile Include="Camera.cpp">
      <Filter>Framework</Filter>
    </ClCompile>
    <ClCompile Include="HandleSpawnSubWeapon.cpp">
      <Filter>ObjectsManager\PlayerAndWeapon\SubWeapons</Filter>
    </ClCompile>
    <ClCompile Include="Hud.cpp">
      <Filter>Hub</Filter>
    </ClCompile>
    <ClCompile Include="InvisibilityPotion.cpp">
      <Filter>ObjectsManager\Items</Filter>
    </ClCompile>
    <ClCompile Include="Cross.cpp">
      <Filter>ObjectsManager\Items</Filter>
    </ClCompile>
    <ClCompile Include="Bat.cpp">
      <Filter>ObjectsManager\Enemy</Filter>
    </ClCompile>
    <ClCompile Include="BossZone.cpp">
      <Filter>ObjectsManager\StaticObjects\Hidden</Filter>
    </ClCompile>
    <ClCompile Include="IHolyWater.cpp">
      <Filter>ObjectsManager\Items</Filter>
    </ClCompile>
    <ClCompile Include="HolyWater.cpp">
      <Filter>ObjectsManager\PlayerAndWeapon\SubWeapons</Filter>
    </ClCompile>
    <ClCompile Include="PhantomBat.cpp">
      <Filter>ObjectsManager\Enemy\Boss</Filter>
    </ClCompile>
    <ClCompile Include="MultiplyShotItem.cpp">
      <Filter>ObjectsManager\Items</Filter>
    </ClCompile>
    <ClCompile Include="Spark.cpp">
      <Filter>Effects</Filter>
    </ClCompile>
    <ClCompile Include="BossDead.cpp">
      <Filter>Effects</Filter>
    </ClCompile>
    <ClCompile Include="MapManager.cpp">
      <Filter>Utilities\MapReader</Filter>
    </ClCompile>
    <ClCompile Include="PlayScene.cpp">
      <Filter>Scenes</Filter>
    </ClCompile>
    <ClCompile Include="StartScene.cpp">
      <Filter>Scenes</Filter>
    </ClCompile>
    <ClCompile Include="SceneManager.cpp">
      <Filter>Scenes</Filter>
    </ClCompile>
    <ClCompile Include="ResourceManager.cpp">
      <Filter>Framework</Filter>
    </ClCompile>
    <ClCompile Include="DSutil.cpp">
      <Filter>Framework\Sound</Filter>
    </ClCompile>
    <ClCompile Include="dxutil.cpp">
      <Filter>Framework\Sound</Filter>
    </ClCompile>
    <ClCompile Include="Sound.cpp">
      <Filter>Framework\Sound</Filter>
    </ClCompile>
    <ClCompile Include="Crystal.cpp">
      <Filter>ObjectsManager\Items</Filter>
    </ClCompile>
    <ClCompile Include="SceneStateMachine.cpp">
      <Filter>Scenes</Filter>
    </ClCompile>
  </ItemGroup>
  <ItemGroup>
    <Text Include="Text.txt">
      <Filter>Documentation</Filter>
    </Text>
  </ItemGroup>
</Project>